// !$*UTF8*$!
{
	archiveVersion = 1;
	classes = {
	};
	objectVersion = 56;
	objects = {

/* Begin PBXBuildFile section */
		AD20684B2B14098100A98304 /* CloserText-Bold.otf in Resources */ = {isa = PBXBuildFile; fileRef = AD2068482B14098100A98304 /* CloserText-Bold.otf */; };
		AD20684C2B14098100A98304 /* CloserText-Italic.otf in Resources */ = {isa = PBXBuildFile; fileRef = AD2068492B14098100A98304 /* CloserText-Italic.otf */; };
		AD20684D2B14098100A98304 /* CloserText-Medium.otf in Resources */ = {isa = PBXBuildFile; fileRef = AD20684A2B14098100A98304 /* CloserText-Medium.otf */; };
		AD2068502B140B5000A98304 /* CloserText-SemiBold.otf in Resources */ = {isa = PBXBuildFile; fileRef = AD20684F2B140B5000A98304 /* CloserText-SemiBold.otf */; };
		AD2068732B14DEAE00A98304 /* BackgroundView.swift in Sources */ = {isa = PBXBuildFile; fileRef = AD2068722B14DEAE00A98304 /* BackgroundView.swift */; };
		AD2068782B15024500A98304 /* RadiusButtonStyle.swift in Sources */ = {isa = PBXBuildFile; fileRef = AD2068772B15024500A98304 /* RadiusButtonStyle.swift */; };
		AD2068C02B2094A300A98304 /* TabBarView.swift in Sources */ = {isa = PBXBuildFile; fileRef = AD2068BF2B2094A300A98304 /* TabBarView.swift */; };
		AD2068C72B20C72600A98304 /* Permission.swift in Sources */ = {isa = PBXBuildFile; fileRef = AD2068C62B20C72600A98304 /* Permission.swift */; };
		AD2068CC2B21EE2A00A98304 /* ScannerViewModel.swift in Sources */ = {isa = PBXBuildFile; fileRef = AD2068CB2B21EE2900A98304 /* ScannerViewModel.swift */; };
		AD2068DD2B231BA500A98304 /* ScannerView.swift in Sources */ = {isa = PBXBuildFile; fileRef = AD2068DC2B231BA500A98304 /* ScannerView.swift */; };
		AD2068E52B2335C800A98304 /* Alerts.swift in Sources */ = {isa = PBXBuildFile; fileRef = AD2068E42B2335C800A98304 /* Alerts.swift */; };
		AD2068E72B233ABA00A98304 /* Errors.swift in Sources */ = {isa = PBXBuildFile; fileRef = AD2068E62B233ABA00A98304 /* Errors.swift */; };
		AD20690B2B2378E600A98304 /* AVCaptureVideoPreviewView.swift in Sources */ = {isa = PBXBuildFile; fileRef = AD20690A2B2378E600A98304 /* AVCaptureVideoPreviewView.swift */; };
		AD20690D2B2379EC00A98304 /* CaptureVideoPreviewView.swift in Sources */ = {isa = PBXBuildFile; fileRef = AD20690C2B2379EC00A98304 /* CaptureVideoPreviewView.swift */; };
		AD2DEE602B120EF70088634E /* Fonts+Constants.swift in Sources */ = {isa = PBXBuildFile; fileRef = AD2DEE5F2B120EF70088634E /* Fonts+Constants.swift */; };
		AD5EC5EA2B2A141E0012A7CD /* WebAPIManager.swift in Sources */ = {isa = PBXBuildFile; fileRef = AD5EC5E92B2A141E0012A7CD /* WebAPIManager.swift */; };
		AD5EC5EE2B2A1BE30012A7CD /* CatalogPerson.swift in Sources */ = {isa = PBXBuildFile; fileRef = AD5EC5ED2B2A1BE30012A7CD /* CatalogPerson.swift */; };
		AD5EC5F02B2A2FB30012A7CD /* CatalogVM.swift in Sources */ = {isa = PBXBuildFile; fileRef = AD5EC5EF2B2A2FB30012A7CD /* CatalogVM.swift */; };
		AD5EFA4F2B0F93E70085AB01 /* Streetcode_com_uaApp.swift in Sources */ = {isa = PBXBuildFile; fileRef = AD5EFA4E2B0F93E70085AB01 /* Streetcode_com_uaApp.swift */; };
		AD5EFA532B0F93EA0085AB01 /* Assets.xcassets in Resources */ = {isa = PBXBuildFile; fileRef = AD5EFA522B0F93EA0085AB01 /* Assets.xcassets */; };
		AD5EFA562B0F93EA0085AB01 /* Preview Assets.xcassets in Resources */ = {isa = PBXBuildFile; fileRef = AD5EFA552B0F93EA0085AB01 /* Preview Assets.xcassets */; };
		AD5EFA5F2B0F96A60085AB01 /* CatalogView.swift in Sources */ = {isa = PBXBuildFile; fileRef = AD5EFA5E2B0F96A60085AB01 /* CatalogView.swift */; };
		AD5EFA612B0F9B4E0085AB01 /* PersonCellView.swift in Sources */ = {isa = PBXBuildFile; fileRef = AD5EFA602B0F9B4E0085AB01 /* PersonCellView.swift */; };
		AD8068E32B5009EA007AAE00 /* String+Extension.swift in Sources */ = {isa = PBXBuildFile; fileRef = AD8068E22B5009EA007AAE00 /* String+Extension.swift */; };
		AD8068E92B5174C1007AAE00 /* LoggerManager.swift in Sources */ = {isa = PBXBuildFile; fileRef = AD8068E82B5174C1007AAE00 /* LoggerManager.swift */; };
		ADAFF91E2B2CA9690060C32E /* RequestProtocol.swift in Sources */ = {isa = PBXBuildFile; fileRef = ADAFF91D2B2CA9690060C32E /* RequestProtocol.swift */; };
		ADAFF9202B2DDFEE0060C32E /* CatalogRequest.swift in Sources */ = {isa = PBXBuildFile; fileRef = ADAFF91F2B2DDFEE0060C32E /* CatalogRequest.swift */; };
		ADC0DACB2B56C38A000AB530 /* Streetcode.xcdatamodeld in Sources */ = {isa = PBXBuildFile; fileRef = ADC0DAC92B56C38A000AB530 /* Streetcode.xcdatamodeld */; };
		ADC0DACE2B56C4B8000AB530 /* CatalogPersonEntity+CoreDataClass.swift in Sources */ = {isa = PBXBuildFile; fileRef = ADC0DACC2B56C4B8000AB530 /* CatalogPersonEntity+CoreDataClass.swift */; };
		ADC0DACF2B56C4B8000AB530 /* CatalogPersonEntity+CoreDataProperties.swift in Sources */ = {isa = PBXBuildFile; fileRef = ADC0DACD2B56C4B8000AB530 /* CatalogPersonEntity+CoreDataProperties.swift */; };
		ADC0DAD12B56C603000AB530 /* CoreDataService.swift in Sources */ = {isa = PBXBuildFile; fileRef = ADC0DAD02B56C603000AB530 /* CoreDataService.swift */; };
		ADC0DAD32B56EB8E000AB530 /* Check CoreData.swift in Sources */ = {isa = PBXBuildFile; fileRef = ADC0DAD22B56EB8E000AB530 /* Check CoreData.swift */; };
		ADEDBC502B3C54DC00B036F1 /* ImageLoaderManager.swift in Sources */ = {isa = PBXBuildFile; fileRef = ADEDBC4F2B3C54DC00B036F1 /* ImageLoaderManager.swift */; };
		ADEDBC522B3C648F00B036F1 /* CatalogImage.swift in Sources */ = {isa = PBXBuildFile; fileRef = ADEDBC512B3C648F00B036F1 /* CatalogImage.swift */; };
		ADEDBC562B3CA1F800B036F1 /* LoadingView.swift in Sources */ = {isa = PBXBuildFile; fileRef = ADEDBC552B3CA1F800B036F1 /* LoadingView.swift */; };
		ADEDBC582B3CAFA900B036F1 /* Int+Extension.swift in Sources */ = {isa = PBXBuildFile; fileRef = ADEDBC572B3CAFA900B036F1 /* Int+Extension.swift */; };
		ADEDBC5A2B3CBF5700B036F1 /* DIContainer.swift in Sources */ = {isa = PBXBuildFile; fileRef = ADEDBC592B3CBF5700B036F1 /* DIContainer.swift */; };
		ADEDBC5C2B3D7FF100B036F1 /* CatalogRemoteImage.swift in Sources */ = {isa = PBXBuildFile; fileRef = ADEDBC5B2B3D7FF100B036F1 /* CatalogRemoteImage.swift */; };
		ADEDBC5E2B3DCF5300B036F1 /* Logo-animation_40.gif in Resources */ = {isa = PBXBuildFile; fileRef = ADEDBC5D2B3DCF5300B036F1 /* Logo-animation_40.gif */; };
		ADEDBCC02B45965900B036F1 /* CustomNavigationBar.swift in Sources */ = {isa = PBXBuildFile; fileRef = ADEDBCBF2B45965900B036F1 /* CustomNavigationBar.swift */; };
		ADEDBCC22B45E2D300B036F1 /* SearchUnavailableView.swift in Sources */ = {isa = PBXBuildFile; fileRef = ADEDBCC12B45E2D300B036F1 /* SearchUnavailableView.swift */; };
		ADFB832E2B59A2240008B416 /* ProgressImageView.swift in Sources */ = {isa = PBXBuildFile; fileRef = ADFB832D2B59A2240008B416 /* ProgressImageView.swift */; };
		ADFB83382B5E7F470008B416 /* Array+Extension.swift in Sources */ = {isa = PBXBuildFile; fileRef = ADFB83372B5E7F470008B416 /* Array+Extension.swift */; };
		ADFB833A2B5ECEEB0008B416 /* CoreDataViewModel.swift in Sources */ = {isa = PBXBuildFile; fileRef = ADFB83392B5ECEEA0008B416 /* CoreDataViewModel.swift */; };
		ADFB83442B604C440008B416 /* NetworkStatusService.swift in Sources */ = {isa = PBXBuildFile; fileRef = ADFB83432B604C440008B416 /* NetworkStatusService.swift */; };
		ADFB83622B6A6DD30008B416 /* AssemblyServices.swift in Sources */ = {isa = PBXBuildFile; fileRef = ADFB83612B6A6DD30008B416 /* AssemblyServices.swift */; };
/* End PBXBuildFile section */

/* Begin PBXFileReference section */
		AD2068482B14098100A98304 /* CloserText-Bold.otf */ = {isa = PBXFileReference; lastKnownFileType = file; path = "CloserText-Bold.otf"; sourceTree = "<group>"; };
		AD2068492B14098100A98304 /* CloserText-Italic.otf */ = {isa = PBXFileReference; lastKnownFileType = file; path = "CloserText-Italic.otf"; sourceTree = "<group>"; };
		AD20684A2B14098100A98304 /* CloserText-Medium.otf */ = {isa = PBXFileReference; lastKnownFileType = file; path = "CloserText-Medium.otf"; sourceTree = "<group>"; };
		AD20684E2B1409CC00A98304 /* Streetcode-com-ua-Info.plist */ = {isa = PBXFileReference; lastKnownFileType = text.plist.xml; name = "Streetcode-com-ua-Info.plist"; path = "Streetcode.com.ua/Main/Streetcode-com-ua-Info.plist"; sourceTree = SOURCE_ROOT; };
		AD20684F2B140B5000A98304 /* CloserText-SemiBold.otf */ = {isa = PBXFileReference; lastKnownFileType = file; path = "CloserText-SemiBold.otf"; sourceTree = "<group>"; };
		AD2068722B14DEAE00A98304 /* BackgroundView.swift */ = {isa = PBXFileReference; lastKnownFileType = sourcecode.swift; path = BackgroundView.swift; sourceTree = "<group>"; };
		AD2068772B15024500A98304 /* RadiusButtonStyle.swift */ = {isa = PBXFileReference; lastKnownFileType = sourcecode.swift; path = RadiusButtonStyle.swift; sourceTree = "<group>"; };
		AD2068BF2B2094A300A98304 /* TabBarView.swift */ = {isa = PBXFileReference; lastKnownFileType = sourcecode.swift; path = TabBarView.swift; sourceTree = "<group>"; };
		AD2068C62B20C72600A98304 /* Permission.swift */ = {isa = PBXFileReference; lastKnownFileType = sourcecode.swift; path = Permission.swift; sourceTree = "<group>"; };
		AD2068CB2B21EE2900A98304 /* ScannerViewModel.swift */ = {isa = PBXFileReference; lastKnownFileType = sourcecode.swift; path = ScannerViewModel.swift; sourceTree = "<group>"; };
		AD2068DC2B231BA500A98304 /* ScannerView.swift */ = {isa = PBXFileReference; lastKnownFileType = sourcecode.swift; path = ScannerView.swift; sourceTree = "<group>"; };
		AD2068E42B2335C800A98304 /* Alerts.swift */ = {isa = PBXFileReference; lastKnownFileType = sourcecode.swift; path = Alerts.swift; sourceTree = "<group>"; };
		AD2068E62B233ABA00A98304 /* Errors.swift */ = {isa = PBXFileReference; lastKnownFileType = sourcecode.swift; path = Errors.swift; sourceTree = "<group>"; };
		AD20690A2B2378E600A98304 /* AVCaptureVideoPreviewView.swift */ = {isa = PBXFileReference; lastKnownFileType = sourcecode.swift; path = AVCaptureVideoPreviewView.swift; sourceTree = "<group>"; };
		AD20690C2B2379EC00A98304 /* CaptureVideoPreviewView.swift */ = {isa = PBXFileReference; lastKnownFileType = sourcecode.swift; path = CaptureVideoPreviewView.swift; sourceTree = "<group>"; };
		AD2DEE5F2B120EF70088634E /* Fonts+Constants.swift */ = {isa = PBXFileReference; lastKnownFileType = sourcecode.swift; path = "Fonts+Constants.swift"; sourceTree = "<group>"; };
		AD5EC5E92B2A141E0012A7CD /* WebAPIManager.swift */ = {isa = PBXFileReference; lastKnownFileType = sourcecode.swift; path = WebAPIManager.swift; sourceTree = "<group>"; };
		AD5EC5ED2B2A1BE30012A7CD /* CatalogPerson.swift */ = {isa = PBXFileReference; lastKnownFileType = sourcecode.swift; path = CatalogPerson.swift; sourceTree = "<group>"; };
		AD5EC5EF2B2A2FB30012A7CD /* CatalogVM.swift */ = {isa = PBXFileReference; lastKnownFileType = sourcecode.swift; path = CatalogVM.swift; sourceTree = "<group>"; };
		AD5EFA4B2B0F93E70085AB01 /* Streetcode.com.ua.app */ = {isa = PBXFileReference; explicitFileType = wrapper.application; includeInIndex = 0; path = Streetcode.com.ua.app; sourceTree = BUILT_PRODUCTS_DIR; };
		AD5EFA4E2B0F93E70085AB01 /* Streetcode_com_uaApp.swift */ = {isa = PBXFileReference; lastKnownFileType = sourcecode.swift; path = Streetcode_com_uaApp.swift; sourceTree = "<group>"; };
		AD5EFA522B0F93EA0085AB01 /* Assets.xcassets */ = {isa = PBXFileReference; lastKnownFileType = folder.assetcatalog; path = Assets.xcassets; sourceTree = "<group>"; };
		AD5EFA552B0F93EA0085AB01 /* Preview Assets.xcassets */ = {isa = PBXFileReference; lastKnownFileType = folder.assetcatalog; path = "Preview Assets.xcassets"; sourceTree = "<group>"; };
		AD5EFA5E2B0F96A60085AB01 /* CatalogView.swift */ = {isa = PBXFileReference; lastKnownFileType = sourcecode.swift; path = CatalogView.swift; sourceTree = "<group>"; };
		AD5EFA602B0F9B4E0085AB01 /* PersonCellView.swift */ = {isa = PBXFileReference; lastKnownFileType = sourcecode.swift; path = PersonCellView.swift; sourceTree = "<group>"; };
		AD8068E22B5009EA007AAE00 /* String+Extension.swift */ = {isa = PBXFileReference; lastKnownFileType = sourcecode.swift; path = "String+Extension.swift"; sourceTree = "<group>"; };
		AD8068E82B5174C1007AAE00 /* LoggerManager.swift */ = {isa = PBXFileReference; lastKnownFileType = sourcecode.swift; path = LoggerManager.swift; sourceTree = "<group>"; };
		ADAFF91D2B2CA9690060C32E /* RequestProtocol.swift */ = {isa = PBXFileReference; lastKnownFileType = sourcecode.swift; path = RequestProtocol.swift; sourceTree = "<group>"; };
		ADAFF91F2B2DDFEE0060C32E /* CatalogRequest.swift */ = {isa = PBXFileReference; lastKnownFileType = sourcecode.swift; path = CatalogRequest.swift; sourceTree = "<group>"; };
		ADC0DACA2B56C38A000AB530 /* Streetcode.xcdatamodel */ = {isa = PBXFileReference; lastKnownFileType = wrapper.xcdatamodel; path = Streetcode.xcdatamodel; sourceTree = "<group>"; };
		ADC0DACC2B56C4B8000AB530 /* CatalogPersonEntity+CoreDataClass.swift */ = {isa = PBXFileReference; lastKnownFileType = sourcecode.swift; path = "CatalogPersonEntity+CoreDataClass.swift"; sourceTree = "<group>"; };
		ADC0DACD2B56C4B8000AB530 /* CatalogPersonEntity+CoreDataProperties.swift */ = {isa = PBXFileReference; lastKnownFileType = sourcecode.swift; path = "CatalogPersonEntity+CoreDataProperties.swift"; sourceTree = "<group>"; };
		ADC0DAD02B56C603000AB530 /* CoreDataService.swift */ = {isa = PBXFileReference; lastKnownFileType = sourcecode.swift; path = CoreDataService.swift; sourceTree = "<group>"; };
		ADC0DAD22B56EB8E000AB530 /* Check CoreData.swift */ = {isa = PBXFileReference; lastKnownFileType = sourcecode.swift; path = "Check CoreData.swift"; sourceTree = "<group>"; };
		ADEDBC4F2B3C54DC00B036F1 /* ImageLoaderManager.swift */ = {isa = PBXFileReference; lastKnownFileType = sourcecode.swift; path = ImageLoaderManager.swift; sourceTree = "<group>"; };
		ADEDBC512B3C648F00B036F1 /* CatalogImage.swift */ = {isa = PBXFileReference; lastKnownFileType = sourcecode.swift; path = CatalogImage.swift; sourceTree = "<group>"; };
		ADEDBC552B3CA1F800B036F1 /* LoadingView.swift */ = {isa = PBXFileReference; lastKnownFileType = sourcecode.swift; path = LoadingView.swift; sourceTree = "<group>"; };
		ADEDBC572B3CAFA900B036F1 /* Int+Extension.swift */ = {isa = PBXFileReference; lastKnownFileType = sourcecode.swift; path = "Int+Extension.swift"; sourceTree = "<group>"; };
		ADEDBC592B3CBF5700B036F1 /* DIContainer.swift */ = {isa = PBXFileReference; lastKnownFileType = sourcecode.swift; path = DIContainer.swift; sourceTree = "<group>"; };
		ADEDBC5B2B3D7FF100B036F1 /* CatalogRemoteImage.swift */ = {isa = PBXFileReference; lastKnownFileType = sourcecode.swift; path = CatalogRemoteImage.swift; sourceTree = "<group>"; };
		ADEDBC5D2B3DCF5300B036F1 /* Logo-animation_40.gif */ = {isa = PBXFileReference; lastKnownFileType = image.gif; path = "Logo-animation_40.gif"; sourceTree = "<group>"; };
		ADEDBCBF2B45965900B036F1 /* CustomNavigationBar.swift */ = {isa = PBXFileReference; lastKnownFileType = sourcecode.swift; path = CustomNavigationBar.swift; sourceTree = "<group>"; };
		ADEDBCC12B45E2D300B036F1 /* SearchUnavailableView.swift */ = {isa = PBXFileReference; lastKnownFileType = sourcecode.swift; path = SearchUnavailableView.swift; sourceTree = "<group>"; };
		ADFB832B2B59913A0008B416 /* Array+Extension.swift */ = {isa = PBXFileReference; lastKnownFileType = sourcecode.swift; path = "Array+Extension.swift"; sourceTree = "<group>"; };
		ADFB832D2B59A2240008B416 /* ProgressImageView.swift */ = {isa = PBXFileReference; lastKnownFileType = sourcecode.swift; path = ProgressImageView.swift; sourceTree = "<group>"; };
		ADFB83372B5E7F470008B416 /* Array+Extension.swift */ = {isa = PBXFileReference; lastKnownFileType = sourcecode.swift; path = "Array+Extension.swift"; sourceTree = "<group>"; };
		ADFB83392B5ECEEA0008B416 /* CoreDataViewModel.swift */ = {isa = PBXFileReference; lastKnownFileType = sourcecode.swift; path = CoreDataViewModel.swift; sourceTree = "<group>"; };
		ADFB83432B604C440008B416 /* NetworkStatusService.swift */ = {isa = PBXFileReference; lastKnownFileType = sourcecode.swift; path = NetworkStatusService.swift; sourceTree = "<group>"; };
		ADFB83612B6A6DD30008B416 /* AssemblyServices.swift */ = {isa = PBXFileReference; lastKnownFileType = sourcecode.swift; path = AssemblyServices.swift; sourceTree = "<group>"; };
/* End PBXFileReference section */

/* Begin PBXFrameworksBuildPhase section */
		AD5EFA482B0F93E70085AB01 /* Frameworks */ = {
			isa = PBXFrameworksBuildPhase;
			buildActionMask = 2147483647;
			files = (
			);
			runOnlyForDeploymentPostprocessing = 0;
		};
/* End PBXFrameworksBuildPhase section */

/* Begin PBXGroup section */
		AD2068712B14DE5B00A98304 /* Views */ = {
			isa = PBXGroup;
			children = (
				AD2068722B14DEAE00A98304 /* BackgroundView.swift */,
				ADEDBCC12B45E2D300B036F1 /* SearchUnavailableView.swift */,
				ADEDBC552B3CA1F800B036F1 /* LoadingView.swift */,
			);
			path = Views;
			sourceTree = "<group>";
		};
		AD20689C2B17DD9400A98304 /* Utilities */ = {
			isa = PBXGroup;
			children = (
				AD2068E12B232A9500A98304 /* Alerts & Errors */,
				AD2068A02B17DE4D00A98304 /* Modifiers */,
				AD20689D2B17DD9E00A98304 /* Extensions */,
			);
			path = Utilities;
			sourceTree = "<group>";
		};
		AD20689D2B17DD9E00A98304 /* Extensions */ = {
			isa = PBXGroup;
			children = (
				ADEDBC572B3CAFA900B036F1 /* Int+Extension.swift */,
				ADFB83372B5E7F470008B416 /* Array+Extension.swift */,
				AD8068E22B5009EA007AAE00 /* String+Extension.swift */,
			);
			path = Extensions;
			sourceTree = "<group>";
		};
		AD2068A02B17DE4D00A98304 /* Modifiers */ = {
			isa = PBXGroup;
			children = (
				AD2068772B15024500A98304 /* RadiusButtonStyle.swift */,
				ADEDBCBF2B45965900B036F1 /* CustomNavigationBar.swift */,
			);
			path = Modifiers;
			sourceTree = "<group>";
		};
		AD2068AA2B1F240B00A98304 /* TabBarView */ = {
			isa = PBXGroup;
			children = (
				AD2068BF2B2094A300A98304 /* TabBarView.swift */,
			);
			path = TabBarView;
			sourceTree = "<group>";
		};
		AD2068C82B20D88B00A98304 /* Model */ = {
			isa = PBXGroup;
			children = (
				AD2068C62B20C72600A98304 /* Permission.swift */,
			);
			path = Model;
			sourceTree = "<group>";
		};
		AD2068E02B23298200A98304 /* Scanner */ = {
			isa = PBXGroup;
			children = (
				AD2068CB2B21EE2900A98304 /* ScannerViewModel.swift */,
				AD2068DC2B231BA500A98304 /* ScannerView.swift */,
				AD20690C2B2379EC00A98304 /* CaptureVideoPreviewView.swift */,
				AD20690A2B2378E600A98304 /* AVCaptureVideoPreviewView.swift */,
				AD2068C82B20D88B00A98304 /* Model */,
			);
			path = Scanner;
			sourceTree = "<group>";
		};
		AD2068E12B232A9500A98304 /* Alerts & Errors */ = {
			isa = PBXGroup;
			children = (
				AD2068E42B2335C800A98304 /* Alerts.swift */,
				AD2068E62B233ABA00A98304 /* Errors.swift */,
			);
			path = "Alerts & Errors";
			sourceTree = "<group>";
		};
		AD2DEE572B1206CE0088634E /* Screens */ = {
			isa = PBXGroup;
			children = (
				ADFB83652B6AC3DF0008B416 /* CoreDataTest */,
				AD2068AA2B1F240B00A98304 /* TabBarView */,
				AD2DEE582B1206DB0088634E /* CatalogView */,
				AD2068E02B23298200A98304 /* Scanner */,
			);
			path = Screens;
			sourceTree = "<group>";
		};
		AD2DEE582B1206DB0088634E /* CatalogView */ = {
			isa = PBXGroup;
			children = (
				AD5EC5EF2B2A2FB30012A7CD /* CatalogVM.swift */,
				ADAFF91F2B2DDFEE0060C32E /* CatalogRequest.swift */,
				AD5EFA5E2B0F96A60085AB01 /* CatalogView.swift */,
				AD2DEE5C2B1208530088634E /* Subviews */,
			);
			path = CatalogView;
			sourceTree = "<group>";
		};
		AD2DEE5A2B1207E90088634E /* Main */ = {
			isa = PBXGroup;
			children = (
				AD20684E2B1409CC00A98304 /* Streetcode-com-ua-Info.plist */,
				AD5EFA4E2B0F93E70085AB01 /* Streetcode_com_uaApp.swift */,
				ADFB83612B6A6DD30008B416 /* AssemblyServices.swift */,
				ADEDBC5D2B3DCF5300B036F1 /* Logo-animation_40.gif */,
				AD5EFA522B0F93EA0085AB01 /* Assets.xcassets */,
			);
			path = Main;
			sourceTree = "<group>";
		};
		AD2DEE5B2B1208160088634E /* Model */ = {
			isa = PBXGroup;
			children = (
				ADEDBC512B3C648F00B036F1 /* CatalogImage.swift */,
				AD5EC5ED2B2A1BE30012A7CD /* CatalogPerson.swift */,
			);
			path = Model;
			sourceTree = "<group>";
		};
		AD2DEE5C2B1208530088634E /* Subviews */ = {
			isa = PBXGroup;
			children = (
				ADEDBC5B2B3D7FF100B036F1 /* CatalogRemoteImage.swift */,
				ADFB832D2B59A2240008B416 /* ProgressImageView.swift */,
				AD5EFA602B0F9B4E0085AB01 /* PersonCellView.swift */,
			);
			path = Subviews;
			sourceTree = "<group>";
		};
		AD2DEE5D2B120EB70088634E /* Constans */ = {
			isa = PBXGroup;
			children = (
				AD2DEE5F2B120EF70088634E /* Fonts+Constants.swift */,
			);
			path = Constans;
			sourceTree = "<group>";
		};
		AD5EC5E82B2A13F80012A7CD /* Services */ = {
			isa = PBXGroup;
			children = (
				ADEDBC592B3CBF5700B036F1 /* DIContainer.swift */,
				AD5EC5E92B2A141E0012A7CD /* WebAPIManager.swift */,
				ADEDBC4F2B3C54DC00B036F1 /* ImageLoaderManager.swift */,
				AD8068E82B5174C1007AAE00 /* LoggerManager.swift */,
				ADC0DAD02B56C603000AB530 /* CoreDataService.swift */,
				ADFB83432B604C440008B416 /* NetworkStatusService.swift */,
			);
			path = Services;
			sourceTree = "<group>";
		};
		AD5EFA422B0F93E70085AB01 = {
			isa = PBXGroup;
			children = (
				AD5EFA4D2B0F93E70085AB01 /* Streetcode.com.ua */,
				AD5EFA4C2B0F93E70085AB01 /* Products */,
				ADFB83642B6A9D210008B416 /* Recovered References */,
			);
			sourceTree = "<group>";
		};
		AD5EFA4C2B0F93E70085AB01 /* Products */ = {
			isa = PBXGroup;
			children = (
				AD5EFA4B2B0F93E70085AB01 /* Streetcode.com.ua.app */,
			);
			name = Products;
			sourceTree = "<group>";
		};
		AD5EFA4D2B0F93E70085AB01 /* Streetcode.com.ua */ = {
			isa = PBXGroup;
			children = (
				AD8068DC2B4D818F007AAE00 /* Components */,
				AD20689C2B17DD9400A98304 /* Utilities */,
				AD2DEE5D2B120EB70088634E /* Constans */,
				AD2DEE5A2B1207E90088634E /* Main */,
				AD5EC5E82B2A13F80012A7CD /* Services */,
				ADC0DAC82B56C355000AB530 /* CoreData */,
				AD2DEE572B1206CE0088634E /* Screens */,
				AD2068712B14DE5B00A98304 /* Views */,
				AD2DEE5B2B1208160088634E /* Model */,
				AD5EFA622B0FA5020085AB01 /* Fonts */,
				AD5EFA542B0F93EA0085AB01 /* Preview Content */,
			);
			path = Streetcode.com.ua;
			sourceTree = "<group>";
		};
		AD5EFA542B0F93EA0085AB01 /* Preview Content */ = {
			isa = PBXGroup;
			children = (
				AD5EFA552B0F93EA0085AB01 /* Preview Assets.xcassets */,
			);
			path = "Preview Content";
			sourceTree = "<group>";
		};
		AD5EFA622B0FA5020085AB01 /* Fonts */ = {
			isa = PBXGroup;
			children = (
				AD2068482B14098100A98304 /* CloserText-Bold.otf */,
				AD20684F2B140B5000A98304 /* CloserText-SemiBold.otf */,
				AD2068492B14098100A98304 /* CloserText-Italic.otf */,
				AD20684A2B14098100A98304 /* CloserText-Medium.otf */,
			);
			path = Fonts;
			sourceTree = "<group>";
		};
		AD8068DC2B4D818F007AAE00 /* Components */ = {
			isa = PBXGroup;
			children = (
				AD8068DD2B4D8196007AAE00 /* Protocols */,
			);
			path = Components;
			sourceTree = "<group>";
		};
		AD8068DD2B4D8196007AAE00 /* Protocols */ = {
			isa = PBXGroup;
			children = (
				ADAFF91D2B2CA9690060C32E /* RequestProtocol.swift */,
			);
			path = Protocols;
			sourceTree = "<group>";
		};
		ADC0DAC82B56C355000AB530 /* CoreData */ = {
			isa = PBXGroup;
			children = (
				ADC0DAC92B56C38A000AB530 /* Streetcode.xcdatamodeld */,
				ADC0DACC2B56C4B8000AB530 /* CatalogPersonEntity+CoreDataClass.swift */,
				ADC0DACD2B56C4B8000AB530 /* CatalogPersonEntity+CoreDataProperties.swift */,
			);
			path = CoreData;
			sourceTree = "<group>";
		};
		ADFB83642B6A9D210008B416 /* Recovered References */ = {
			isa = PBXGroup;
			children = (
				ADFB832B2B59913A0008B416 /* Array+Extension.swift */,
			);
			name = "Recovered References";
			sourceTree = "<group>";
		};
		ADFB83652B6AC3DF0008B416 /* CoreDataTest */ = {
			isa = PBXGroup;
			children = (
				ADC0DAD22B56EB8E000AB530 /* Check CoreData.swift */,
				ADFB83392B5ECEEA0008B416 /* CoreDataViewModel.swift */,
			);
			path = CoreDataTest;
			sourceTree = "<group>";
		};
/* End PBXGroup section */

/* Begin PBXNativeTarget section */
		AD5EFA4A2B0F93E70085AB01 /* Streetcode.com.ua */ = {
			isa = PBXNativeTarget;
			buildConfigurationList = AD5EFA592B0F93EA0085AB01 /* Build configuration list for PBXNativeTarget "Streetcode.com.ua" */;
			buildPhases = (
				AD5EFA472B0F93E70085AB01 /* Sources */,
				AD5EFA482B0F93E70085AB01 /* Frameworks */,
				AD5EFA492B0F93E70085AB01 /* Resources */,
			);
			buildRules = (
			);
			dependencies = (
				AD2068B12B1F26EE00A98304 /* PBXTargetDependency */,
			);
			name = Streetcode.com.ua;
			packageProductDependencies = (
			);
			productName = Streetcode.com.ua;
			productReference = AD5EFA4B2B0F93E70085AB01 /* Streetcode.com.ua.app */;
			productType = "com.apple.product-type.application";
		};
/* End PBXNativeTarget section */

/* Begin PBXProject section */
		AD5EFA432B0F93E70085AB01 /* Project object */ = {
			isa = PBXProject;
			attributes = {
				BuildIndependentTargetsInParallel = 1;
				LastSwiftUpdateCheck = 1430;
				LastUpgradeCheck = 1500;
				TargetAttributes = {
					AD5EFA4A2B0F93E70085AB01 = {
						CreatedOnToolsVersion = 14.3.1;
					};
				};
			};
			buildConfigurationList = AD5EFA462B0F93E70085AB01 /* Build configuration list for PBXProject "Streetcode.com.ua" */;
			compatibilityVersion = "Xcode 14.0";
			developmentRegion = en;
			hasScannedForEncodings = 0;
			knownRegions = (
				en,
				Base,
			);
			mainGroup = AD5EFA422B0F93E70085AB01;
			packageReferences = (
			);
			productRefGroup = AD5EFA4C2B0F93E70085AB01 /* Products */;
			projectDirPath = "";
			projectRoot = "";
			targets = (
				AD5EFA4A2B0F93E70085AB01 /* Streetcode.com.ua */,
			);
		};
/* End PBXProject section */

/* Begin PBXResourcesBuildPhase section */
		AD5EFA492B0F93E70085AB01 /* Resources */ = {
			isa = PBXResourcesBuildPhase;
			buildActionMask = 2147483647;
			files = (
				AD20684C2B14098100A98304 /* CloserText-Italic.otf in Resources */,
				AD5EFA562B0F93EA0085AB01 /* Preview Assets.xcassets in Resources */,
				AD20684D2B14098100A98304 /* CloserText-Medium.otf in Resources */,
				AD5EFA532B0F93EA0085AB01 /* Assets.xcassets in Resources */,
				ADEDBC5E2B3DCF5300B036F1 /* Logo-animation_40.gif in Resources */,
				AD20684B2B14098100A98304 /* CloserText-Bold.otf in Resources */,
				AD2068502B140B5000A98304 /* CloserText-SemiBold.otf in Resources */,
			);
			runOnlyForDeploymentPostprocessing = 0;
		};
/* End PBXResourcesBuildPhase section */

/* Begin PBXSourcesBuildPhase section */
		AD5EFA472B0F93E70085AB01 /* Sources */ = {
			isa = PBXSourcesBuildPhase;
			buildActionMask = 2147483647;
			files = (
				ADFB83382B5E7F470008B416 /* Array+Extension.swift in Sources */,
				ADEDBCC22B45E2D300B036F1 /* SearchUnavailableView.swift in Sources */,
				ADEDBCC02B45965900B036F1 /* CustomNavigationBar.swift in Sources */,
				AD5EC5F02B2A2FB30012A7CD /* CatalogVM.swift in Sources */,
				AD20690B2B2378E600A98304 /* AVCaptureVideoPreviewView.swift in Sources */,
				AD20690D2B2379EC00A98304 /* CaptureVideoPreviewView.swift in Sources */,
				AD2DEE602B120EF70088634E /* Fonts+Constants.swift in Sources */,
				ADAFF9202B2DDFEE0060C32E /* CatalogRequest.swift in Sources */,
				ADEDBC582B3CAFA900B036F1 /* Int+Extension.swift in Sources */,
				AD5EC5EA2B2A141E0012A7CD /* WebAPIManager.swift in Sources */,
				ADC0DAD32B56EB8E000AB530 /* Check CoreData.swift in Sources */,
				ADEDBC5A2B3CBF5700B036F1 /* DIContainer.swift in Sources */,
				AD2068782B15024500A98304 /* RadiusButtonStyle.swift in Sources */,
				AD2068732B14DEAE00A98304 /* BackgroundView.swift in Sources */,
				AD8068E32B5009EA007AAE00 /* String+Extension.swift in Sources */,
				AD5EC5EE2B2A1BE30012A7CD /* CatalogPerson.swift in Sources */,
				ADEDBC5C2B3D7FF100B036F1 /* CatalogRemoteImage.swift in Sources */,
				ADAFF91E2B2CA9690060C32E /* RequestProtocol.swift in Sources */,
				ADC0DACE2B56C4B8000AB530 /* CatalogPersonEntity+CoreDataClass.swift in Sources */,
				AD5EFA612B0F9B4E0085AB01 /* PersonCellView.swift in Sources */,
				ADFB83622B6A6DD30008B416 /* AssemblyServices.swift in Sources */,
				ADEDBC502B3C54DC00B036F1 /* ImageLoaderManager.swift in Sources */,
				ADC0DACB2B56C38A000AB530 /* Streetcode.xcdatamodeld in Sources */,
				ADFB83442B604C440008B416 /* NetworkStatusService.swift in Sources */,
				AD8068E92B5174C1007AAE00 /* LoggerManager.swift in Sources */,
				AD5EFA4F2B0F93E70085AB01 /* Streetcode_com_uaApp.swift in Sources */,
				ADC0DACF2B56C4B8000AB530 /* CatalogPersonEntity+CoreDataProperties.swift in Sources */,
				ADEDBC522B3C648F00B036F1 /* CatalogImage.swift in Sources */,
				ADFB833A2B5ECEEB0008B416 /* CoreDataViewModel.swift in Sources */,
				ADFB832E2B59A2240008B416 /* ProgressImageView.swift in Sources */,
				AD5EFA5F2B0F96A60085AB01 /* CatalogView.swift in Sources */,
				ADC0DAD12B56C603000AB530 /* CoreDataService.swift in Sources */,
				ADEDBC562B3CA1F800B036F1 /* LoadingView.swift in Sources */,
				AD2068CC2B21EE2A00A98304 /* ScannerViewModel.swift in Sources */,
				AD2068C72B20C72600A98304 /* Permission.swift in Sources */,
				AD2068DD2B231BA500A98304 /* ScannerView.swift in Sources */,
				AD5EFA5F2B0F96A60085AB01 /* CatalogView.swift in Sources */,
				AD2068C02B2094A300A98304 /* TabBarView.swift in Sources */,
				AD2068E52B2335C800A98304 /* Alerts.swift in Sources */,
				AD2068E72B233ABA00A98304 /* Errors.swift in Sources */,
			);
			runOnlyForDeploymentPostprocessing = 0;
		};
/* End PBXSourcesBuildPhase section */

/* Begin PBXTargetDependency section */
		AD2068B12B1F26EE00A98304 /* PBXTargetDependency */ = {
			isa = PBXTargetDependency;
			productRef = AD2068B02B1F26EE00A98304 /* SwiftLintPlugin */;
		};
/* End PBXTargetDependency section */

/* Begin XCBuildConfiguration section */
		AD5EFA572B0F93EA0085AB01 /* Debug */ = {
			isa = XCBuildConfiguration;
			buildSettings = {
				ALWAYS_SEARCH_USER_PATHS = NO;
				ASSETCATALOG_COMPILER_GENERATE_SWIFT_ASSET_SYMBOL_EXTENSIONS = YES;
				CLANG_ANALYZER_NONNULL = YES;
				CLANG_ANALYZER_NUMBER_OBJECT_CONVERSION = YES_AGGRESSIVE;
				CLANG_CXX_LANGUAGE_STANDARD = "gnu++20";
				CLANG_ENABLE_MODULES = YES;
				CLANG_ENABLE_OBJC_ARC = YES;
				CLANG_ENABLE_OBJC_WEAK = YES;
				CLANG_WARN_BLOCK_CAPTURE_AUTORELEASING = YES;
				CLANG_WARN_BOOL_CONVERSION = YES;
				CLANG_WARN_COMMA = YES;
				CLANG_WARN_CONSTANT_CONVERSION = YES;
				CLANG_WARN_DEPRECATED_OBJC_IMPLEMENTATIONS = YES;
				CLANG_WARN_DIRECT_OBJC_ISA_USAGE = YES_ERROR;
				CLANG_WARN_DOCUMENTATION_COMMENTS = YES;
				CLANG_WARN_EMPTY_BODY = YES;
				CLANG_WARN_ENUM_CONVERSION = YES;
				CLANG_WARN_INFINITE_RECURSION = YES;
				CLANG_WARN_INT_CONVERSION = YES;
				CLANG_WARN_NON_LITERAL_NULL_CONVERSION = YES;
				CLANG_WARN_OBJC_IMPLICIT_RETAIN_SELF = YES;
				CLANG_WARN_OBJC_LITERAL_CONVERSION = YES;
				CLANG_WARN_OBJC_ROOT_CLASS = YES_ERROR;
				CLANG_WARN_QUOTED_INCLUDE_IN_FRAMEWORK_HEADER = YES;
				CLANG_WARN_RANGE_LOOP_ANALYSIS = YES;
				CLANG_WARN_STRICT_PROTOTYPES = YES;
				CLANG_WARN_SUSPICIOUS_MOVE = YES;
				CLANG_WARN_UNGUARDED_AVAILABILITY = YES_AGGRESSIVE;
				CLANG_WARN_UNREACHABLE_CODE = YES;
				CLANG_WARN__DUPLICATE_METHOD_MATCH = YES;
				COPY_PHASE_STRIP = NO;
				DEBUG_INFORMATION_FORMAT = dwarf;
				ENABLE_STRICT_OBJC_MSGSEND = YES;
				ENABLE_TESTABILITY = YES;
				ENABLE_USER_SCRIPT_SANDBOXING = YES;
				GCC_C_LANGUAGE_STANDARD = gnu11;
				GCC_DYNAMIC_NO_PIC = NO;
				GCC_NO_COMMON_BLOCKS = YES;
				GCC_OPTIMIZATION_LEVEL = 0;
				GCC_PREPROCESSOR_DEFINITIONS = (
					"DEBUG=1",
					"$(inherited)",
				);
				GCC_WARN_64_TO_32_BIT_CONVERSION = YES;
				GCC_WARN_ABOUT_RETURN_TYPE = YES_ERROR;
				GCC_WARN_UNDECLARED_SELECTOR = YES;
				GCC_WARN_UNINITIALIZED_AUTOS = YES_AGGRESSIVE;
				GCC_WARN_UNUSED_FUNCTION = YES;
				GCC_WARN_UNUSED_VARIABLE = YES;
				IPHONEOS_DEPLOYMENT_TARGET = 16.4;
				MTL_ENABLE_DEBUG_INFO = INCLUDE_SOURCE;
				MTL_FAST_MATH = YES;
				ONLY_ACTIVE_ARCH = YES;
				SDKROOT = iphoneos;
				SWIFT_ACTIVE_COMPILATION_CONDITIONS = DEBUG;
				SWIFT_OPTIMIZATION_LEVEL = "-Onone";
			};
			name = Debug;
		};
		AD5EFA582B0F93EA0085AB01 /* Release */ = {
			isa = XCBuildConfiguration;
			buildSettings = {
				ALWAYS_SEARCH_USER_PATHS = NO;
				ASSETCATALOG_COMPILER_GENERATE_SWIFT_ASSET_SYMBOL_EXTENSIONS = YES;
				CLANG_ANALYZER_NONNULL = YES;
				CLANG_ANALYZER_NUMBER_OBJECT_CONVERSION = YES_AGGRESSIVE;
				CLANG_CXX_LANGUAGE_STANDARD = "gnu++20";
				CLANG_ENABLE_MODULES = YES;
				CLANG_ENABLE_OBJC_ARC = YES;
				CLANG_ENABLE_OBJC_WEAK = YES;
				CLANG_WARN_BLOCK_CAPTURE_AUTORELEASING = YES;
				CLANG_WARN_BOOL_CONVERSION = YES;
				CLANG_WARN_COMMA = YES;
				CLANG_WARN_CONSTANT_CONVERSION = YES;
				CLANG_WARN_DEPRECATED_OBJC_IMPLEMENTATIONS = YES;
				CLANG_WARN_DIRECT_OBJC_ISA_USAGE = YES_ERROR;
				CLANG_WARN_DOCUMENTATION_COMMENTS = YES;
				CLANG_WARN_EMPTY_BODY = YES;
				CLANG_WARN_ENUM_CONVERSION = YES;
				CLANG_WARN_INFINITE_RECURSION = YES;
				CLANG_WARN_INT_CONVERSION = YES;
				CLANG_WARN_NON_LITERAL_NULL_CONVERSION = YES;
				CLANG_WARN_OBJC_IMPLICIT_RETAIN_SELF = YES;
				CLANG_WARN_OBJC_LITERAL_CONVERSION = YES;
				CLANG_WARN_OBJC_ROOT_CLASS = YES_ERROR;
				CLANG_WARN_QUOTED_INCLUDE_IN_FRAMEWORK_HEADER = YES;
				CLANG_WARN_RANGE_LOOP_ANALYSIS = YES;
				CLANG_WARN_STRICT_PROTOTYPES = YES;
				CLANG_WARN_SUSPICIOUS_MOVE = YES;
				CLANG_WARN_UNGUARDED_AVAILABILITY = YES_AGGRESSIVE;
				CLANG_WARN_UNREACHABLE_CODE = YES;
				CLANG_WARN__DUPLICATE_METHOD_MATCH = YES;
				COPY_PHASE_STRIP = NO;
				DEBUG_INFORMATION_FORMAT = "dwarf-with-dsym";
				ENABLE_NS_ASSERTIONS = NO;
				ENABLE_STRICT_OBJC_MSGSEND = YES;
				ENABLE_USER_SCRIPT_SANDBOXING = YES;
				GCC_C_LANGUAGE_STANDARD = gnu11;
				GCC_NO_COMMON_BLOCKS = YES;
				GCC_WARN_64_TO_32_BIT_CONVERSION = YES;
				GCC_WARN_ABOUT_RETURN_TYPE = YES_ERROR;
				GCC_WARN_UNDECLARED_SELECTOR = YES;
				GCC_WARN_UNINITIALIZED_AUTOS = YES_AGGRESSIVE;
				GCC_WARN_UNUSED_FUNCTION = YES;
				GCC_WARN_UNUSED_VARIABLE = YES;
				IPHONEOS_DEPLOYMENT_TARGET = 16.4;
				MTL_ENABLE_DEBUG_INFO = NO;
				MTL_FAST_MATH = YES;
				SDKROOT = iphoneos;
				SWIFT_COMPILATION_MODE = wholemodule;
				SWIFT_OPTIMIZATION_LEVEL = "-O";
				VALIDATE_PRODUCT = YES;
			};
			name = Release;
		};
		AD5EFA5A2B0F93EA0085AB01 /* Debug */ = {
			isa = XCBuildConfiguration;
			buildSettings = {
				ASSETCATALOG_COMPILER_APPICON_NAME = AppIcon;
				ASSETCATALOG_COMPILER_GLOBAL_ACCENT_COLOR_NAME = AccentColor;
				CODE_SIGN_IDENTITY = "Apple Development";
				CODE_SIGN_STYLE = Automatic;
				CURRENT_PROJECT_VERSION = 1;
				DEVELOPMENT_ASSET_PATHS = Streetcode.com.ua/Main/Assets.xcassets;
				DEVELOPMENT_TEAM = 9G9R77J9L4;
				ENABLE_PREVIEWS = YES;
				GENERATE_INFOPLIST_FILE = YES;
				INFOPLIST_FILE = "Streetcode.com.ua/Main/Streetcode-com-ua-Info.plist";
				INFOPLIST_KEY_NSCameraUsageDescription = "Give access to the App to use a camera";
				INFOPLIST_KEY_UIApplicationSceneManifest_Generation = YES;
				INFOPLIST_KEY_UIApplicationSupportsIndirectInputEvents = YES;
				INFOPLIST_KEY_UILaunchScreen_Generation = YES;
				INFOPLIST_KEY_UILaunchStoryboardName = "Launch Screen.storyboard";
				INFOPLIST_KEY_UISupportedInterfaceOrientations = UIInterfaceOrientationPortrait;
				INFOPLIST_KEY_UISupportedInterfaceOrientations_iPad = "UIInterfaceOrientationLandscapeLeft UIInterfaceOrientationLandscapeRight UIInterfaceOrientationPortrait UIInterfaceOrientationPortraitUpsideDown";
				LD_RUNPATH_SEARCH_PATHS = (
					"$(inherited)",
					"@executable_path/Frameworks",
				);
				MARKETING_VERSION = 1.0;
				PRODUCT_BUNDLE_IDENTIFIER = "Siarhei-Ramaniuk.Streetcode-com-ua";
				PRODUCT_NAME = "$(TARGET_NAME)";
				PROVISIONING_PROFILE_SPECIFIER = "";
				SWIFT_EMIT_LOC_STRINGS = YES;
				SWIFT_VERSION = 5.0;
				TARGETED_DEVICE_FAMILY = "1,2";
			};
			name = Debug;
		};
		AD5EFA5B2B0F93EA0085AB01 /* Release */ = {
			isa = XCBuildConfiguration;
			buildSettings = {
				ASSETCATALOG_COMPILER_APPICON_NAME = AppIcon;
				ASSETCATALOG_COMPILER_GLOBAL_ACCENT_COLOR_NAME = AccentColor;
				CODE_SIGN_IDENTITY = "Apple Development";
				CODE_SIGN_STYLE = Automatic;
				CURRENT_PROJECT_VERSION = 1;
				DEVELOPMENT_ASSET_PATHS = Streetcode.com.ua/Main/Assets.xcassets;
				DEVELOPMENT_TEAM = 9G9R77J9L4;
				ENABLE_PREVIEWS = YES;
				GENERATE_INFOPLIST_FILE = YES;
				INFOPLIST_FILE = "Streetcode.com.ua/Main/Streetcode-com-ua-Info.plist";
				INFOPLIST_KEY_NSCameraUsageDescription = "Give access to the App to use a camera";
				INFOPLIST_KEY_UIApplicationSceneManifest_Generation = YES;
				INFOPLIST_KEY_UIApplicationSupportsIndirectInputEvents = YES;
				INFOPLIST_KEY_UILaunchScreen_Generation = YES;
				INFOPLIST_KEY_UILaunchStoryboardName = "Launch Screen.storyboard";
				INFOPLIST_KEY_UISupportedInterfaceOrientations = UIInterfaceOrientationPortrait;
				INFOPLIST_KEY_UISupportedInterfaceOrientations_iPad = "UIInterfaceOrientationLandscapeLeft UIInterfaceOrientationLandscapeRight UIInterfaceOrientationPortrait UIInterfaceOrientationPortraitUpsideDown";
				LD_RUNPATH_SEARCH_PATHS = (
					"$(inherited)",
					"@executable_path/Frameworks",
				);
				MARKETING_VERSION = 1.0;
				PRODUCT_BUNDLE_IDENTIFIER = "Siarhei-Ramaniuk.Streetcode-com-ua";
				PRODUCT_NAME = "$(TARGET_NAME)";
				PROVISIONING_PROFILE_SPECIFIER = "";
				SWIFT_EMIT_LOC_STRINGS = YES;
				SWIFT_VERSION = 5.0;
				TARGETED_DEVICE_FAMILY = "1,2";
			};
			name = Release;
		};
/* End XCBuildConfiguration section */

/* Begin XCConfigurationList section */
		AD5EFA462B0F93E70085AB01 /* Build configuration list for PBXProject "Streetcode.com.ua" */ = {
			isa = XCConfigurationList;
			buildConfigurations = (
				AD5EFA572B0F93EA0085AB01 /* Debug */,
				AD5EFA582B0F93EA0085AB01 /* Release */,
			);
			defaultConfigurationIsVisible = 0;
			defaultConfigurationName = Release;
		};
		AD5EFA592B0F93EA0085AB01 /* Build configuration list for PBXNativeTarget "Streetcode.com.ua" */ = {
			isa = XCConfigurationList;
			buildConfigurations = (
				AD5EFA5A2B0F93EA0085AB01 /* Debug */,
				AD5EFA5B2B0F93EA0085AB01 /* Release */,
			);
			defaultConfigurationIsVisible = 0;
			defaultConfigurationName = Release;
		};
/* End XCConfigurationList section */

/* Begin XCRemoteSwiftPackageReference section */
		AD2068AB2B1F26CD00A98304 /* XCRemoteSwiftPackageReference "SwiftLint" */ = {
			isa = XCRemoteSwiftPackageReference;
			repositoryURL = "https://github.com/realm/SwiftLint.git";
			requirement = {
				kind = upToNextMinorVersion;
				minimumVersion = 0.54.0;
			};
		};
/* End XCRemoteSwiftPackageReference section */

/* Begin XCSwiftPackageProductDependency section */
		AD2068B02B1F26EE00A98304 /* SwiftLintPlugin */ = {
			isa = XCSwiftPackageProductDependency;
			package = AD2068AB2B1F26CD00A98304 /* XCRemoteSwiftPackageReference "SwiftLint" */;
			productName = "plugin:SwiftLintPlugin";
		};
/* End XCSwiftPackageProductDependency section */

/* Begin XCVersionGroup section */
		ADC0DAC92B56C38A000AB530 /* Streetcode.xcdatamodeld */ = {
			isa = XCVersionGroup;
			children = (
				ADC0DACA2B56C38A000AB530 /* Streetcode.xcdatamodel */,
			);
			currentVersion = ADC0DACA2B56C38A000AB530 /* Streetcode.xcdatamodel */;
			path = Streetcode.xcdatamodeld;
			sourceTree = "<group>";
			versionGroupType = wrapper.xcdatamodel;
		};
/* End XCVersionGroup section */
	};
	rootObject = AD5EFA432B0F93E70085AB01 /* Project object */;
}
